
Microsoft Visual Studio Solution File, Format Version 12.00
# Visual Studio Version 17
VisualStudioVersion = 17.6.33829.357
MinimumVisualStudioVersion = 10.0.40219.1
Project("{9A19103F-16F7-4668-BE54-9A1E7A4F7556}") = "NTDLS.Katzebase.Client", "NTDLS.Katzebase.Client.csproj", "{5FC95632-288E-4F84-A4E2-CF9E68BA889C}"
EndProject
Global
	GlobalSection(SolutionConfigurationPlatforms) = preSolution
		Debug|Any CPU = Debug|Any CPU
		Release|Any CPU = Release|Any CPU
	EndGlobalSection
	GlobalSection(ProjectConfigurationPlatforms) = postSolution
		{5FC95632-288E-4F84-A4E2-CF9E68BA889C}.Debug|Any CPU.ActiveCfg = Debug|Any CPU
		{5FC95632-288E-4F84-A4E2-CF9E68BA889C}.Debug|Any CPU.Build.0 = Debug|Any CPU
		{5FC95632-288E-4F84-A4E2-CF9E68BA889C}.Release|Any CPU.ActiveCfg = Release|Any CPU
		{5FC95632-288E-4F84-A4E2-CF9E68BA889C}.Release|Any CPU.Build.0 = Release|Any CPU
	EndGlobalSection
	GlobalSection(SolutionProperties) = preSolution
		HideSolutionNode = FALSE
	EndGlobalSection
	GlobalSection(ExtensibilityGlobals) = postSolution
		SolutionGuid = {20037121-A8E1-498E-A1F7-D86B71B4E4F1}
	EndGlobalSection
EndGlobal
