
Microsoft Visual Studio Solution File, Format Version 12.00
# Visual Studio 15
VisualStudioVersion = 15.0.26430.16
MinimumVisualStudioVersion = 10.0.40219.1
Project("{FAE04EC0-301F-11D3-BF4B-00C04F79EFBC}") = "Dokdex.Service", "Dokdex.Service\Dokdex.Service.csproj", "{51BF6209-57CC-41A4-9CB2-1DAF8927167F}"
EndProject
Project("{FAE04EC0-301F-11D3-BF4B-00C04F79EFBC}") = "Dokdex.Library", "Dokdex.Library\Dokdex.Library.csproj", "{8CE1F7B0-10DA-469A-9F4B-999CE2B822ED}"
EndProject
Project("{FAE04EC0-301F-11D3-BF4B-00C04F79EFBC}") = "Dokdex.TestHarness", "Dokdex.TestHarness\Dokdex.TestHarness.csproj", "{A9E0A35F-E13C-454A-97A9-75912DB66CCB}"
EndProject
Project("{FAE04EC0-301F-11D3-BF4B-00C04F79EFBC}") = "Dokdex.Engine", "Dokdex.Engine\Dokdex.Engine.csproj", "{D5201916-A568-4BC2-86E1-B98A2825BEF1}"
EndProject
Project("{FAE04EC0-301F-11D3-BF4B-00C04F79EFBC}") = "Dokdex.CodeGeneration", "Dokdex.CodeGeneration\Dokdex.CodeGeneration.csproj", "{0E4E1383-1D60-4FDC-BBC0-94F0F4286EE4}"
EndProject
Global
	GlobalSection(SolutionConfigurationPlatforms) = preSolution
		Debug|Any CPU = Debug|Any CPU
		Release|Any CPU = Release|Any CPU
	EndGlobalSection
	GlobalSection(ProjectConfigurationPlatforms) = postSolution
		{51BF6209-57CC-41A4-9CB2-1DAF8927167F}.Debug|Any CPU.ActiveCfg = Debug|Any CPU
		{51BF6209-57CC-41A4-9CB2-1DAF8927167F}.Debug|Any CPU.Build.0 = Debug|Any CPU
		{51BF6209-57CC-41A4-9CB2-1DAF8927167F}.Release|Any CPU.ActiveCfg = Release|Any CPU
		{51BF6209-57CC-41A4-9CB2-1DAF8927167F}.Release|Any CPU.Build.0 = Release|Any CPU
		{8CE1F7B0-10DA-469A-9F4B-999CE2B822ED}.Debug|Any CPU.ActiveCfg = Debug|Any CPU
		{8CE1F7B0-10DA-469A-9F4B-999CE2B822ED}.Debug|Any CPU.Build.0 = Debug|Any CPU
		{8CE1F7B0-10DA-469A-9F4B-999CE2B822ED}.Release|Any CPU.ActiveCfg = Release|Any CPU
		{8CE1F7B0-10DA-469A-9F4B-999CE2B822ED}.Release|Any CPU.Build.0 = Release|Any CPU
		{A9E0A35F-E13C-454A-97A9-75912DB66CCB}.Debug|Any CPU.ActiveCfg = Debug|Any CPU
		{A9E0A35F-E13C-454A-97A9-75912DB66CCB}.Debug|Any CPU.Build.0 = Debug|Any CPU
		{A9E0A35F-E13C-454A-97A9-75912DB66CCB}.Release|Any CPU.ActiveCfg = Release|Any CPU
		{A9E0A35F-E13C-454A-97A9-75912DB66CCB}.Release|Any CPU.Build.0 = Release|Any CPU
		{D5201916-A568-4BC2-86E1-B98A2825BEF1}.Debug|Any CPU.ActiveCfg = Debug|Any CPU
		{D5201916-A568-4BC2-86E1-B98A2825BEF1}.Debug|Any CPU.Build.0 = Debug|Any CPU
		{D5201916-A568-4BC2-86E1-B98A2825BEF1}.Release|Any CPU.ActiveCfg = Release|Any CPU
		{D5201916-A568-4BC2-86E1-B98A2825BEF1}.Release|Any CPU.Build.0 = Release|Any CPU
		{0E4E1383-1D60-4FDC-BBC0-94F0F4286EE4}.Debug|Any CPU.ActiveCfg = Debug|Any CPU
		{0E4E1383-1D60-4FDC-BBC0-94F0F4286EE4}.Debug|Any CPU.Build.0 = Debug|Any CPU
		{0E4E1383-1D60-4FDC-BBC0-94F0F4286EE4}.Release|Any CPU.ActiveCfg = Release|Any CPU
		{0E4E1383-1D60-4FDC-BBC0-94F0F4286EE4}.Release|Any CPU.Build.0 = Release|Any CPU
	EndGlobalSection
	GlobalSection(SolutionProperties) = preSolution
		HideSolutionNode = FALSE
	EndGlobalSection
EndGlobal
