
Microsoft Visual Studio Solution File, Format Version 12.00
# Visual Studio Version 17
VisualStudioVersion = 17.4.33213.308
MinimumVisualStudioVersion = 10.0.40219.1
Project("{FAE04EC0-301F-11D3-BF4B-00C04F79EFBC}") = "Katzebase.Engine", "Katzebase.Engine\Katzebase.Engine.csproj", "{D69AE82D-107C-4B6C-BEEA-93399912A64F}"
EndProject
Project("{FAE04EC0-301F-11D3-BF4B-00C04F79EFBC}") = "Katzebase.Library", "Katzebase.Library\Katzebase.Library.csproj", "{5223EB47-9AF2-490B-84A2-58C7EFB577B8}"
EndProject
Project("{FAE04EC0-301F-11D3-BF4B-00C04F79EFBC}") = "Katzebase.Service", "Katzebase.Service\Katzebase.Service.csproj", "{1C410B48-A5E9-46F3-BC6B-32DDCB5CDD55}"
EndProject
Project("{FAE04EC0-301F-11D3-BF4B-00C04F79EFBC}") = "Katzebase.TestHarness", "Katzebase.TestHarness\Katzebase.TestHarness.csproj", "{50F9ABD6-1CF4-414A-9873-9175FCF11B61}"
EndProject
Global
	GlobalSection(SolutionConfigurationPlatforms) = preSolution
		Debug|Any CPU = Debug|Any CPU
		Release|Any CPU = Release|Any CPU
	EndGlobalSection
	GlobalSection(ProjectConfigurationPlatforms) = postSolution
		{D69AE82D-107C-4B6C-BEEA-93399912A64F}.Debug|Any CPU.ActiveCfg = Debug|Any CPU
		{D69AE82D-107C-4B6C-BEEA-93399912A64F}.Debug|Any CPU.Build.0 = Debug|Any CPU
		{D69AE82D-107C-4B6C-BEEA-93399912A64F}.Release|Any CPU.ActiveCfg = Release|Any CPU
		{D69AE82D-107C-4B6C-BEEA-93399912A64F}.Release|Any CPU.Build.0 = Release|Any CPU
		{5223EB47-9AF2-490B-84A2-58C7EFB577B8}.Debug|Any CPU.ActiveCfg = Debug|Any CPU
		{5223EB47-9AF2-490B-84A2-58C7EFB577B8}.Debug|Any CPU.Build.0 = Debug|Any CPU
		{5223EB47-9AF2-490B-84A2-58C7EFB577B8}.Release|Any CPU.ActiveCfg = Release|Any CPU
		{5223EB47-9AF2-490B-84A2-58C7EFB577B8}.Release|Any CPU.Build.0 = Release|Any CPU
		{1C410B48-A5E9-46F3-BC6B-32DDCB5CDD55}.Debug|Any CPU.ActiveCfg = Debug|Any CPU
		{1C410B48-A5E9-46F3-BC6B-32DDCB5CDD55}.Debug|Any CPU.Build.0 = Debug|Any CPU
		{1C410B48-A5E9-46F3-BC6B-32DDCB5CDD55}.Release|Any CPU.ActiveCfg = Release|Any CPU
		{1C410B48-A5E9-46F3-BC6B-32DDCB5CDD55}.Release|Any CPU.Build.0 = Release|Any CPU
		{50F9ABD6-1CF4-414A-9873-9175FCF11B61}.Debug|Any CPU.ActiveCfg = Debug|Any CPU
		{50F9ABD6-1CF4-414A-9873-9175FCF11B61}.Debug|Any CPU.Build.0 = Debug|Any CPU
		{50F9ABD6-1CF4-414A-9873-9175FCF11B61}.Release|Any CPU.ActiveCfg = Release|Any CPU
		{50F9ABD6-1CF4-414A-9873-9175FCF11B61}.Release|Any CPU.Build.0 = Release|Any CPU
	EndGlobalSection
	GlobalSection(SolutionProperties) = preSolution
		HideSolutionNode = FALSE
	EndGlobalSection
	GlobalSection(ExtensibilityGlobals) = postSolution
		SolutionGuid = {16ADDA6D-28A3-4730-94D0-61E6D3E723B0}
	EndGlobalSection
EndGlobal
