
Microsoft Visual Studio Solution File, Format Version 12.00
# Visual Studio Version 17
VisualStudioVersion = 17.4.33213.308
MinimumVisualStudioVersion = 10.0.40219.1
Project("{9A19103F-16F7-4668-BE54-9A1E7A4F7556}") = "NTDLS.Katzebase.Engine", "NTDLS.Katzebase.Engine\NTDLS.Katzebase.Engine.csproj", "{D69AE82D-107C-4B6C-BEEA-93399912A64F}"
EndProject
Project("{9A19103F-16F7-4668-BE54-9A1E7A4F7556}") = "NTDLS.Katzebase.Service", "NTDLS.Katzebase.Service\NTDLS.Katzebase.Service.csproj", "{1C410B48-A5E9-46F3-BC6B-32DDCB5CDD55}"
EndProject
Project("{9A19103F-16F7-4668-BE54-9A1E7A4F7556}") = "NTDLS.Katzebase.UI", "NTDLS.Katzebase.UI\NTDLS.Katzebase.UI.csproj", "{756AADB6-D503-4FAD-878F-0D166099ABD7}"
EndProject
Project("{2150E333-8FDC-42A3-9474-1A3956D46DE8}") = "Documentation", "Documentation", "{E50043F1-790B-47D4-AA7A-81EA6578E81D}"
	ProjectSection(SolutionItems) = preProject
		Notes.txt = Notes.txt
	EndProjectSection
EndProject
Project("{2150E333-8FDC-42A3-9474-1A3956D46DE8}") = "Library", "Library", "{30F5D013-1C84-4ACF-B75F-5A326B1C732E}"
EndProject
Project("{9A19103F-16F7-4668-BE54-9A1E7A4F7556}") = "NTDLS.Katzebase.Shared", "NTDLS.Katzebase.Shared\NTDLS.Katzebase.Shared.csproj", "{2EF323CE-ACC9-4266-9A5E-C9047F41E4B5}"
EndProject
Project("{2150E333-8FDC-42A3-9474-1A3956D46DE8}") = "TestApplications", "TestApplications", "{08463189-3AA6-472B-8116-584F09A0A305}"
EndProject
Project("{9A19103F-16F7-4668-BE54-9A1E7A4F7556}") = "Benchmark", "TestApplications\Benchmark\Benchmark.csproj", "{544407F9-D885-4C18-AD27-F17DB7570350}"
EndProject
Project("{9A19103F-16F7-4668-BE54-9A1E7A4F7556}") = "ClientTest", "TestApplications\ClientTest\ClientTest.csproj", "{E72880E2-EB81-4EF6-8DFB-E2AA6A15533B}"
EndProject
Project("{9A19103F-16F7-4668-BE54-9A1E7A4F7556}") = "NugetTest", "TestApplications\NugetTest\NugetTest.csproj", "{EA1154E1-F4C4-457A-A08F-3C98F1A612E5}"
EndProject
Project("{9A19103F-16F7-4668-BE54-9A1E7A4F7556}") = "NTDLS.Katzebase.SQLServerMigration", "NTDLS.Katzebase.SQLServerMigration\NTDLS.Katzebase.SQLServerMigration.csproj", "{9F9AFF5C-E07D-48B5-A989-FBFD59A97ACD}"
EndProject
Project("{9A19103F-16F7-4668-BE54-9A1E7A4F7556}") = "NTDLS.Katzebase.Debuging", "NTDLS.Katzebase.Debuging\NTDLS.Katzebase.Debuging.csproj", "{5598BAE2-BC03-4DF4-A0A9-120ECD7ABB1E}"
EndProject
Project("{2150E333-8FDC-42A3-9474-1A3956D46DE8}") = "Installer", "Installer", "{E15F84FB-63C7-47E4-B894-CFC6B4FBB2A0}"
	ProjectSection(SolutionItems) = preProject
		@Installers\Client.Iss = @Installers\Client.Iss
		@Installers\Server.Iss = @Installers\Server.Iss
	EndProjectSection
EndProject
Project("{9A19103F-16F7-4668-BE54-9A1E7A4F7556}") = "NTDLS.Katzebase.Client", "..\NTDLS.Katzebase.Client\NTDLS.Katzebase.Client.csproj", "{845D88DD-D401-4173-BB88-2F306C275699}"
EndProject
Project("{2150E333-8FDC-42A3-9474-1A3956D46DE8}") = "DELETE ME", "DELETE ME", "{193345BD-66D0-4C8A-8145-FA8F28E0EA61}"
EndProject
Project("{9A19103F-16F7-4668-BE54-9A1E7A4F7556}") = "NTDLS.ReliableMessaging", "..\NTDLS.ReliableMessaging\NTDLS.ReliableMessaging\NTDLS.ReliableMessaging.csproj", "{F08E88A7-005D-4BDF-B1B7-CC2498A15CE3}"
EndProject
Project("{9A19103F-16F7-4668-BE54-9A1E7A4F7556}") = "NTDLS.StreamFraming", "..\NTDLS.StreamFraming\NTDLS.StreamFraming\NTDLS.StreamFraming.csproj", "{21D03D07-53DE-48A5-86E8-1C2C15E28F1F}"
EndProject
Global
	GlobalSection(SolutionConfigurationPlatforms) = preSolution
		Debug|Any CPU = Debug|Any CPU
		Release|Any CPU = Release|Any CPU
	EndGlobalSection
	GlobalSection(ProjectConfigurationPlatforms) = postSolution
		{D69AE82D-107C-4B6C-BEEA-93399912A64F}.Debug|Any CPU.ActiveCfg = Debug|Any CPU
		{D69AE82D-107C-4B6C-BEEA-93399912A64F}.Debug|Any CPU.Build.0 = Debug|Any CPU
		{D69AE82D-107C-4B6C-BEEA-93399912A64F}.Release|Any CPU.ActiveCfg = Release|Any CPU
		{D69AE82D-107C-4B6C-BEEA-93399912A64F}.Release|Any CPU.Build.0 = Release|Any CPU
		{1C410B48-A5E9-46F3-BC6B-32DDCB5CDD55}.Debug|Any CPU.ActiveCfg = Debug|Any CPU
		{1C410B48-A5E9-46F3-BC6B-32DDCB5CDD55}.Debug|Any CPU.Build.0 = Debug|Any CPU
		{1C410B48-A5E9-46F3-BC6B-32DDCB5CDD55}.Release|Any CPU.ActiveCfg = Release|Any CPU
		{1C410B48-A5E9-46F3-BC6B-32DDCB5CDD55}.Release|Any CPU.Build.0 = Release|Any CPU
		{756AADB6-D503-4FAD-878F-0D166099ABD7}.Debug|Any CPU.ActiveCfg = Debug|Any CPU
		{756AADB6-D503-4FAD-878F-0D166099ABD7}.Debug|Any CPU.Build.0 = Debug|Any CPU
		{756AADB6-D503-4FAD-878F-0D166099ABD7}.Release|Any CPU.ActiveCfg = Release|Any CPU
		{756AADB6-D503-4FAD-878F-0D166099ABD7}.Release|Any CPU.Build.0 = Release|Any CPU
		{2EF323CE-ACC9-4266-9A5E-C9047F41E4B5}.Debug|Any CPU.ActiveCfg = Debug|Any CPU
		{2EF323CE-ACC9-4266-9A5E-C9047F41E4B5}.Debug|Any CPU.Build.0 = Debug|Any CPU
		{2EF323CE-ACC9-4266-9A5E-C9047F41E4B5}.Release|Any CPU.ActiveCfg = Release|Any CPU
		{2EF323CE-ACC9-4266-9A5E-C9047F41E4B5}.Release|Any CPU.Build.0 = Release|Any CPU
		{544407F9-D885-4C18-AD27-F17DB7570350}.Debug|Any CPU.ActiveCfg = Debug|Any CPU
		{544407F9-D885-4C18-AD27-F17DB7570350}.Debug|Any CPU.Build.0 = Debug|Any CPU
		{544407F9-D885-4C18-AD27-F17DB7570350}.Release|Any CPU.ActiveCfg = Release|Any CPU
		{544407F9-D885-4C18-AD27-F17DB7570350}.Release|Any CPU.Build.0 = Release|Any CPU
		{E72880E2-EB81-4EF6-8DFB-E2AA6A15533B}.Debug|Any CPU.ActiveCfg = Debug|Any CPU
		{E72880E2-EB81-4EF6-8DFB-E2AA6A15533B}.Debug|Any CPU.Build.0 = Debug|Any CPU
		{E72880E2-EB81-4EF6-8DFB-E2AA6A15533B}.Release|Any CPU.ActiveCfg = Release|Any CPU
		{E72880E2-EB81-4EF6-8DFB-E2AA6A15533B}.Release|Any CPU.Build.0 = Release|Any CPU
		{EA1154E1-F4C4-457A-A08F-3C98F1A612E5}.Debug|Any CPU.ActiveCfg = Debug|Any CPU
		{EA1154E1-F4C4-457A-A08F-3C98F1A612E5}.Debug|Any CPU.Build.0 = Debug|Any CPU
		{EA1154E1-F4C4-457A-A08F-3C98F1A612E5}.Release|Any CPU.ActiveCfg = Release|Any CPU
		{EA1154E1-F4C4-457A-A08F-3C98F1A612E5}.Release|Any CPU.Build.0 = Release|Any CPU
		{9F9AFF5C-E07D-48B5-A989-FBFD59A97ACD}.Debug|Any CPU.ActiveCfg = Debug|Any CPU
		{9F9AFF5C-E07D-48B5-A989-FBFD59A97ACD}.Debug|Any CPU.Build.0 = Debug|Any CPU
		{9F9AFF5C-E07D-48B5-A989-FBFD59A97ACD}.Release|Any CPU.ActiveCfg = Release|Any CPU
		{9F9AFF5C-E07D-48B5-A989-FBFD59A97ACD}.Release|Any CPU.Build.0 = Release|Any CPU
		{5598BAE2-BC03-4DF4-A0A9-120ECD7ABB1E}.Debug|Any CPU.ActiveCfg = Debug|Any CPU
		{5598BAE2-BC03-4DF4-A0A9-120ECD7ABB1E}.Debug|Any CPU.Build.0 = Debug|Any CPU
		{5598BAE2-BC03-4DF4-A0A9-120ECD7ABB1E}.Release|Any CPU.ActiveCfg = Release|Any CPU
		{5598BAE2-BC03-4DF4-A0A9-120ECD7ABB1E}.Release|Any CPU.Build.0 = Release|Any CPU
		{845D88DD-D401-4173-BB88-2F306C275699}.Debug|Any CPU.ActiveCfg = Debug|Any CPU
		{845D88DD-D401-4173-BB88-2F306C275699}.Debug|Any CPU.Build.0 = Debug|Any CPU
		{845D88DD-D401-4173-BB88-2F306C275699}.Release|Any CPU.ActiveCfg = Release|Any CPU
		{845D88DD-D401-4173-BB88-2F306C275699}.Release|Any CPU.Build.0 = Release|Any CPU
		{F08E88A7-005D-4BDF-B1B7-CC2498A15CE3}.Debug|Any CPU.ActiveCfg = Debug|Any CPU
		{F08E88A7-005D-4BDF-B1B7-CC2498A15CE3}.Debug|Any CPU.Build.0 = Debug|Any CPU
		{F08E88A7-005D-4BDF-B1B7-CC2498A15CE3}.Release|Any CPU.ActiveCfg = Release|Any CPU
		{F08E88A7-005D-4BDF-B1B7-CC2498A15CE3}.Release|Any CPU.Build.0 = Release|Any CPU
		{21D03D07-53DE-48A5-86E8-1C2C15E28F1F}.Debug|Any CPU.ActiveCfg = Debug|Any CPU
		{21D03D07-53DE-48A5-86E8-1C2C15E28F1F}.Debug|Any CPU.Build.0 = Debug|Any CPU
		{21D03D07-53DE-48A5-86E8-1C2C15E28F1F}.Release|Any CPU.ActiveCfg = Release|Any CPU
		{21D03D07-53DE-48A5-86E8-1C2C15E28F1F}.Release|Any CPU.Build.0 = Release|Any CPU
	EndGlobalSection
	GlobalSection(SolutionProperties) = preSolution
		HideSolutionNode = FALSE
	EndGlobalSection
	GlobalSection(NestedProjects) = preSolution
		{2EF323CE-ACC9-4266-9A5E-C9047F41E4B5} = {30F5D013-1C84-4ACF-B75F-5A326B1C732E}
		{544407F9-D885-4C18-AD27-F17DB7570350} = {08463189-3AA6-472B-8116-584F09A0A305}
		{E72880E2-EB81-4EF6-8DFB-E2AA6A15533B} = {08463189-3AA6-472B-8116-584F09A0A305}
		{EA1154E1-F4C4-457A-A08F-3C98F1A612E5} = {08463189-3AA6-472B-8116-584F09A0A305}
		{5598BAE2-BC03-4DF4-A0A9-120ECD7ABB1E} = {30F5D013-1C84-4ACF-B75F-5A326B1C732E}
		{845D88DD-D401-4173-BB88-2F306C275699} = {193345BD-66D0-4C8A-8145-FA8F28E0EA61}
		{F08E88A7-005D-4BDF-B1B7-CC2498A15CE3} = {193345BD-66D0-4C8A-8145-FA8F28E0EA61}
		{21D03D07-53DE-48A5-86E8-1C2C15E28F1F} = {193345BD-66D0-4C8A-8145-FA8F28E0EA61}
	EndGlobalSection
	GlobalSection(ExtensibilityGlobals) = postSolution
		SolutionGuid = {16ADDA6D-28A3-4730-94D0-61E6D3E723B0}
	EndGlobalSection
EndGlobal
