
Microsoft Visual Studio Solution File, Format Version 12.00
# Visual Studio Version 17
VisualStudioVersion = 17.4.33213.308
MinimumVisualStudioVersion = 10.0.40219.1
Project("{9A19103F-16F7-4668-BE54-9A1E7A4F7556}") = "NTDLS.Katzebase.Engine", "NTDLS.Katzebase.Engine\NTDLS.Katzebase.Engine.csproj", "{D69AE82D-107C-4B6C-BEEA-93399912A64F}"
EndProject
Project("{2150E333-8FDC-42A3-9474-1A3956D46DE8}") = "Documentation", "Documentation", "{E50043F1-790B-47D4-AA7A-81EA6578E81D}"
	ProjectSection(SolutionItems) = preProject
		Notes.txt = Notes.txt
	EndProjectSection
EndProject
Project("{2150E333-8FDC-42A3-9474-1A3956D46DE8}") = "Library", "Library", "{30F5D013-1C84-4ACF-B75F-5A326B1C732E}"
EndProject
Project("{9A19103F-16F7-4668-BE54-9A1E7A4F7556}") = "NTDLS.Katzebase.Shared", "NTDLS.Katzebase.Shared\NTDLS.Katzebase.Shared.csproj", "{2EF323CE-ACC9-4266-9A5E-C9047F41E4B5}"
EndProject
Project("{2150E333-8FDC-42A3-9474-1A3956D46DE8}") = "TestApplications", "TestApplications", "{08463189-3AA6-472B-8116-584F09A0A305}"
EndProject
Project("{9A19103F-16F7-4668-BE54-9A1E7A4F7556}") = "Benchmark", "TestApplications\Benchmark\Benchmark.csproj", "{544407F9-D885-4C18-AD27-F17DB7570350}"
EndProject
Project("{9A19103F-16F7-4668-BE54-9A1E7A4F7556}") = "ClientTest", "TestApplications\ClientTest\ClientTest.csproj", "{E72880E2-EB81-4EF6-8DFB-E2AA6A15533B}"
EndProject
Project("{9A19103F-16F7-4668-BE54-9A1E7A4F7556}") = "NugetTest", "TestApplications\NugetTest\NugetTest.csproj", "{EA1154E1-F4C4-457A-A08F-3C98F1A612E5}"
EndProject
Project("{2150E333-8FDC-42A3-9474-1A3956D46DE8}") = "Installer", "Installer", "{E15F84FB-63C7-47E4-B894-CFC6B4FBB2A0}"
	ProjectSection(SolutionItems) = preProject
		@Installers\Server.Iss = @Installers\Server.Iss
	EndProjectSection
EndProject
Project("{9A19103F-16F7-4668-BE54-9A1E7A4F7556}") = "NTDLS.Katzebase.Server", "NTDLS.Katzebase.Server\NTDLS.Katzebase.Server.csproj", "{6BCF1E2A-EA51-452A-8CE0-1E975F57C285}"
EndProject
Global
	GlobalSection(SolutionConfigurationPlatforms) = preSolution
		Debug|Any CPU = Debug|Any CPU
		Release|Any CPU = Release|Any CPU
	EndGlobalSection
	GlobalSection(ProjectConfigurationPlatforms) = postSolution
		{D69AE82D-107C-4B6C-BEEA-93399912A64F}.Debug|Any CPU.ActiveCfg = Debug|Any CPU
		{D69AE82D-107C-4B6C-BEEA-93399912A64F}.Debug|Any CPU.Build.0 = Debug|Any CPU
		{D69AE82D-107C-4B6C-BEEA-93399912A64F}.Release|Any CPU.ActiveCfg = Release|Any CPU
		{D69AE82D-107C-4B6C-BEEA-93399912A64F}.Release|Any CPU.Build.0 = Release|Any CPU
		{2EF323CE-ACC9-4266-9A5E-C9047F41E4B5}.Debug|Any CPU.ActiveCfg = Debug|Any CPU
		{2EF323CE-ACC9-4266-9A5E-C9047F41E4B5}.Debug|Any CPU.Build.0 = Debug|Any CPU
		{2EF323CE-ACC9-4266-9A5E-C9047F41E4B5}.Release|Any CPU.ActiveCfg = Release|Any CPU
		{2EF323CE-ACC9-4266-9A5E-C9047F41E4B5}.Release|Any CPU.Build.0 = Release|Any CPU
		{544407F9-D885-4C18-AD27-F17DB7570350}.Debug|Any CPU.ActiveCfg = Debug|Any CPU
		{544407F9-D885-4C18-AD27-F17DB7570350}.Debug|Any CPU.Build.0 = Debug|Any CPU
		{544407F9-D885-4C18-AD27-F17DB7570350}.Release|Any CPU.ActiveCfg = Release|Any CPU
		{544407F9-D885-4C18-AD27-F17DB7570350}.Release|Any CPU.Build.0 = Release|Any CPU
		{E72880E2-EB81-4EF6-8DFB-E2AA6A15533B}.Debug|Any CPU.ActiveCfg = Debug|Any CPU
		{E72880E2-EB81-4EF6-8DFB-E2AA6A15533B}.Debug|Any CPU.Build.0 = Debug|Any CPU
		{E72880E2-EB81-4EF6-8DFB-E2AA6A15533B}.Release|Any CPU.ActiveCfg = Release|Any CPU
		{E72880E2-EB81-4EF6-8DFB-E2AA6A15533B}.Release|Any CPU.Build.0 = Release|Any CPU
		{EA1154E1-F4C4-457A-A08F-3C98F1A612E5}.Debug|Any CPU.ActiveCfg = Debug|Any CPU
		{EA1154E1-F4C4-457A-A08F-3C98F1A612E5}.Debug|Any CPU.Build.0 = Debug|Any CPU
		{EA1154E1-F4C4-457A-A08F-3C98F1A612E5}.Release|Any CPU.ActiveCfg = Release|Any CPU
		{EA1154E1-F4C4-457A-A08F-3C98F1A612E5}.Release|Any CPU.Build.0 = Release|Any CPU
		{6BCF1E2A-EA51-452A-8CE0-1E975F57C285}.Debug|Any CPU.ActiveCfg = Debug|Any CPU
		{6BCF1E2A-EA51-452A-8CE0-1E975F57C285}.Debug|Any CPU.Build.0 = Debug|Any CPU
		{6BCF1E2A-EA51-452A-8CE0-1E975F57C285}.Release|Any CPU.ActiveCfg = Release|Any CPU
		{6BCF1E2A-EA51-452A-8CE0-1E975F57C285}.Release|Any CPU.Build.0 = Release|Any CPU
	EndGlobalSection
	GlobalSection(SolutionProperties) = preSolution
		HideSolutionNode = FALSE
	EndGlobalSection
	GlobalSection(NestedProjects) = preSolution
		{2EF323CE-ACC9-4266-9A5E-C9047F41E4B5} = {30F5D013-1C84-4ACF-B75F-5A326B1C732E}
		{544407F9-D885-4C18-AD27-F17DB7570350} = {08463189-3AA6-472B-8116-584F09A0A305}
		{E72880E2-EB81-4EF6-8DFB-E2AA6A15533B} = {08463189-3AA6-472B-8116-584F09A0A305}
		{EA1154E1-F4C4-457A-A08F-3C98F1A612E5} = {08463189-3AA6-472B-8116-584F09A0A305}
	EndGlobalSection
	GlobalSection(ExtensibilityGlobals) = postSolution
		SolutionGuid = {16ADDA6D-28A3-4730-94D0-61E6D3E723B0}
	EndGlobalSection
EndGlobal
