
Microsoft Visual Studio Solution File, Format Version 12.00
# Visual Studio Version 17
VisualStudioVersion = 17.4.33213.308
MinimumVisualStudioVersion = 10.0.40219.1
Project("{9A19103F-16F7-4668-BE54-9A1E7A4F7556}") = "NTDLS.Katzebase.Engine", "NTDLS.Katzebase.Engine\NTDLS.Katzebase.Engine.csproj", "{D69AE82D-107C-4B6C-BEEA-93399912A64F}"
EndProject
Project("{2150E333-8FDC-42A3-9474-1A3956D46DE8}") = "Documentation", "Documentation", "{E50043F1-790B-47D4-AA7A-81EA6578E81D}"
	ProjectSection(SolutionItems) = preProject
		Notes.txt = Notes.txt
	EndProjectSection
EndProject
Project("{9A19103F-16F7-4668-BE54-9A1E7A4F7556}") = "NTDLS.Katzebase.Shared", "NTDLS.Katzebase.Shared\NTDLS.Katzebase.Shared.csproj", "{2EF323CE-ACC9-4266-9A5E-C9047F41E4B5}"
EndProject
Project("{2150E333-8FDC-42A3-9474-1A3956D46DE8}") = "Tests", "Tests", "{08463189-3AA6-472B-8116-584F09A0A305}"
EndProject
Project("{2150E333-8FDC-42A3-9474-1A3956D46DE8}") = "Installer", "Installer", "{E15F84FB-63C7-47E4-B894-CFC6B4FBB2A0}"
	ProjectSection(SolutionItems) = preProject
		@Installers\Setup.Iss = @Installers\Setup.Iss
	EndProjectSection
EndProject
Project("{9A19103F-16F7-4668-BE54-9A1E7A4F7556}") = "NTDLS.Katzebase.Server", "NTDLS.Katzebase.Server\NTDLS.Katzebase.Server.csproj", "{6BCF1E2A-EA51-452A-8CE0-1E975F57C285}"
EndProject
Project("{2150E333-8FDC-42A3-9474-1A3956D46DE8}") = "Extras", "Extras", "{B64FD573-E392-4B4D-867C-6A6758EE6B64}"
EndProject
Project("{9A19103F-16F7-4668-BE54-9A1E7A4F7556}") = "NTDLS.Katzebase.ObjectViewer", "NTDLS.Katzebase.ObjectViewer\NTDLS.Katzebase.ObjectViewer.csproj", "{165EFF5B-0860-4A40-AAD9-F40854941EF6}"
EndProject
Project("{9A19103F-16F7-4668-BE54-9A1E7A4F7556}") = "QueryTest", "TestApplications\QueryTest\QueryTest.csproj", "{ED40E73A-7188-49FA-ABA8-926D250DC5C1}"
EndProject
Project("{9A19103F-16F7-4668-BE54-9A1E7A4F7556}") = "Benchmark", "TestApplications\Benchmark\Benchmark.csproj", "{AC0CC418-2A95-4CE0-86B6-FEEE0B8549FC}"
EndProject
Project("{9A19103F-16F7-4668-BE54-9A1E7A4F7556}") = "InsertLockTest", "TestApplications\InsertLockTest\InsertLockTest.csproj", "{ECB41E2F-28BA-4F95-96C2-1CC089912855}"
EndProject
Project("{9A19103F-16F7-4668-BE54-9A1E7A4F7556}") = "NTDLS.Katzebase.Management", "NTDLS.Katzebase.Management\NTDLS.Katzebase.Management.csproj", "{7323B8B9-9CFE-4DBC-A0E4-318032F5EC09}"
EndProject
Project("{9A19103F-16F7-4668-BE54-9A1E7A4F7556}") = "NTDLS.Katzebase.SQLServerMigration", "NTDLS.Katzebase.SQLServerMigration\NTDLS.Katzebase.SQLServerMigration.csproj", "{45F95764-BD7B-4CE5-99AE-40A61C470B8A}"
EndProject
Project("{2150E333-8FDC-42A3-9474-1A3956D46DE8}") = "Client", "Client", "{192F1A3E-4A59-40A3-B746-4E133E9A31B5}"
EndProject
Project("{2150E333-8FDC-42A3-9474-1A3956D46DE8}") = "Shared", "Shared", "{7ADB6C27-7022-46C9-A0BD-FF2667492931}"
EndProject
Project("{9A19103F-16F7-4668-BE54-9A1E7A4F7556}") = "NTDLS.Katzebase.Parsers", "NTDLS.Katzebase.Parsers\NTDLS.Katzebase.Parsers.csproj", "{B308A7AE-2836-481B-ADA8-4076CD13DC2E}"
EndProject
Project("{9A19103F-16F7-4668-BE54-9A1E7A4F7556}") = "NTDLS.Katzebase.PersistentTypes", "NTDLS.Katzebase.PersistentTypes\NTDLS.Katzebase.PersistentTypes.csproj", "{4D7E5071-C089-4A44-AD26-23C00FA5B6A6}"
EndProject
Project("{6EC3EE1D-3C4E-46DD-8F32-0CC8E7565705}") = "NTDLS.Katzebase.UnitTests", "TestApplications\NTDLS.Katzebase.UnitTests\NTDLS.Katzebase.UnitTests.fsproj", "{7AC9ACBC-7FD0-442D-914C-6DED12EDA644}"
EndProject
Project("{9A19103F-16F7-4668-BE54-9A1E7A4F7556}") = "NTDLS.Katzebase.Api", "NTDLS.Katzebase.Api\NTDLS.Katzebase.Api.csproj", "{957FB6A4-69CE-45C5-A4F1-EA713338E692}"
EndProject
Project("{9A19103F-16F7-4668-BE54-9A1E7A4F7556}") = "NTDLS.Katzebase.Engine.Tests", "NTDLS.Katzebase.Engine.Tests\NTDLS.Katzebase.Engine.Tests.csproj", "{B4A25CA7-7675-4CC2-B083-49E12D349EB0}"
EndProject
Global
	GlobalSection(SolutionConfigurationPlatforms) = preSolution
		Debug|Any CPU = Debug|Any CPU
		Release|Any CPU = Release|Any CPU
	EndGlobalSection
	GlobalSection(ProjectConfigurationPlatforms) = postSolution
		{D69AE82D-107C-4B6C-BEEA-93399912A64F}.Debug|Any CPU.ActiveCfg = Debug|Any CPU
		{D69AE82D-107C-4B6C-BEEA-93399912A64F}.Debug|Any CPU.Build.0 = Debug|Any CPU
		{D69AE82D-107C-4B6C-BEEA-93399912A64F}.Release|Any CPU.ActiveCfg = Release|Any CPU
		{D69AE82D-107C-4B6C-BEEA-93399912A64F}.Release|Any CPU.Build.0 = Release|Any CPU
		{2EF323CE-ACC9-4266-9A5E-C9047F41E4B5}.Debug|Any CPU.ActiveCfg = Debug|Any CPU
		{2EF323CE-ACC9-4266-9A5E-C9047F41E4B5}.Debug|Any CPU.Build.0 = Debug|Any CPU
		{2EF323CE-ACC9-4266-9A5E-C9047F41E4B5}.Release|Any CPU.ActiveCfg = Release|Any CPU
		{2EF323CE-ACC9-4266-9A5E-C9047F41E4B5}.Release|Any CPU.Build.0 = Release|Any CPU
		{6BCF1E2A-EA51-452A-8CE0-1E975F57C285}.Debug|Any CPU.ActiveCfg = Debug|Any CPU
		{6BCF1E2A-EA51-452A-8CE0-1E975F57C285}.Debug|Any CPU.Build.0 = Debug|Any CPU
		{6BCF1E2A-EA51-452A-8CE0-1E975F57C285}.Release|Any CPU.ActiveCfg = Release|Any CPU
		{6BCF1E2A-EA51-452A-8CE0-1E975F57C285}.Release|Any CPU.Build.0 = Release|Any CPU
		{165EFF5B-0860-4A40-AAD9-F40854941EF6}.Debug|Any CPU.ActiveCfg = Debug|Any CPU
		{165EFF5B-0860-4A40-AAD9-F40854941EF6}.Debug|Any CPU.Build.0 = Debug|Any CPU
		{165EFF5B-0860-4A40-AAD9-F40854941EF6}.Release|Any CPU.ActiveCfg = Release|Any CPU
		{165EFF5B-0860-4A40-AAD9-F40854941EF6}.Release|Any CPU.Build.0 = Release|Any CPU
		{ED40E73A-7188-49FA-ABA8-926D250DC5C1}.Debug|Any CPU.ActiveCfg = Debug|Any CPU
		{ED40E73A-7188-49FA-ABA8-926D250DC5C1}.Debug|Any CPU.Build.0 = Debug|Any CPU
		{ED40E73A-7188-49FA-ABA8-926D250DC5C1}.Release|Any CPU.ActiveCfg = Release|Any CPU
		{ED40E73A-7188-49FA-ABA8-926D250DC5C1}.Release|Any CPU.Build.0 = Release|Any CPU
		{AC0CC418-2A95-4CE0-86B6-FEEE0B8549FC}.Debug|Any CPU.ActiveCfg = Debug|Any CPU
		{AC0CC418-2A95-4CE0-86B6-FEEE0B8549FC}.Debug|Any CPU.Build.0 = Debug|Any CPU
		{AC0CC418-2A95-4CE0-86B6-FEEE0B8549FC}.Release|Any CPU.ActiveCfg = Release|Any CPU
		{AC0CC418-2A95-4CE0-86B6-FEEE0B8549FC}.Release|Any CPU.Build.0 = Release|Any CPU
		{ECB41E2F-28BA-4F95-96C2-1CC089912855}.Debug|Any CPU.ActiveCfg = Debug|Any CPU
		{ECB41E2F-28BA-4F95-96C2-1CC089912855}.Debug|Any CPU.Build.0 = Debug|Any CPU
		{ECB41E2F-28BA-4F95-96C2-1CC089912855}.Release|Any CPU.ActiveCfg = Release|Any CPU
		{ECB41E2F-28BA-4F95-96C2-1CC089912855}.Release|Any CPU.Build.0 = Release|Any CPU
		{7323B8B9-9CFE-4DBC-A0E4-318032F5EC09}.Debug|Any CPU.ActiveCfg = Debug|Any CPU
		{7323B8B9-9CFE-4DBC-A0E4-318032F5EC09}.Debug|Any CPU.Build.0 = Debug|Any CPU
		{7323B8B9-9CFE-4DBC-A0E4-318032F5EC09}.Release|Any CPU.ActiveCfg = Release|Any CPU
		{7323B8B9-9CFE-4DBC-A0E4-318032F5EC09}.Release|Any CPU.Build.0 = Release|Any CPU
		{45F95764-BD7B-4CE5-99AE-40A61C470B8A}.Debug|Any CPU.ActiveCfg = Debug|Any CPU
		{45F95764-BD7B-4CE5-99AE-40A61C470B8A}.Debug|Any CPU.Build.0 = Debug|Any CPU
		{45F95764-BD7B-4CE5-99AE-40A61C470B8A}.Release|Any CPU.ActiveCfg = Release|Any CPU
		{45F95764-BD7B-4CE5-99AE-40A61C470B8A}.Release|Any CPU.Build.0 = Release|Any CPU
		{B308A7AE-2836-481B-ADA8-4076CD13DC2E}.Debug|Any CPU.ActiveCfg = Debug|Any CPU
		{B308A7AE-2836-481B-ADA8-4076CD13DC2E}.Debug|Any CPU.Build.0 = Debug|Any CPU
		{B308A7AE-2836-481B-ADA8-4076CD13DC2E}.Release|Any CPU.ActiveCfg = Release|Any CPU
		{B308A7AE-2836-481B-ADA8-4076CD13DC2E}.Release|Any CPU.Build.0 = Release|Any CPU
		{4D7E5071-C089-4A44-AD26-23C00FA5B6A6}.Debug|Any CPU.ActiveCfg = Debug|Any CPU
		{4D7E5071-C089-4A44-AD26-23C00FA5B6A6}.Debug|Any CPU.Build.0 = Debug|Any CPU
		{4D7E5071-C089-4A44-AD26-23C00FA5B6A6}.Release|Any CPU.ActiveCfg = Release|Any CPU
		{4D7E5071-C089-4A44-AD26-23C00FA5B6A6}.Release|Any CPU.Build.0 = Release|Any CPU
		{7AC9ACBC-7FD0-442D-914C-6DED12EDA644}.Debug|Any CPU.ActiveCfg = Debug|Any CPU
		{7AC9ACBC-7FD0-442D-914C-6DED12EDA644}.Debug|Any CPU.Build.0 = Debug|Any CPU
		{7AC9ACBC-7FD0-442D-914C-6DED12EDA644}.Release|Any CPU.ActiveCfg = Release|Any CPU
		{7AC9ACBC-7FD0-442D-914C-6DED12EDA644}.Release|Any CPU.Build.0 = Release|Any CPU
		{957FB6A4-69CE-45C5-A4F1-EA713338E692}.Debug|Any CPU.ActiveCfg = Debug|Any CPU
		{957FB6A4-69CE-45C5-A4F1-EA713338E692}.Debug|Any CPU.Build.0 = Debug|Any CPU
		{957FB6A4-69CE-45C5-A4F1-EA713338E692}.Release|Any CPU.ActiveCfg = Release|Any CPU
		{957FB6A4-69CE-45C5-A4F1-EA713338E692}.Release|Any CPU.Build.0 = Release|Any CPU
		{B4A25CA7-7675-4CC2-B083-49E12D349EB0}.Debug|Any CPU.ActiveCfg = Debug|Any CPU
		{B4A25CA7-7675-4CC2-B083-49E12D349EB0}.Debug|Any CPU.Build.0 = Debug|Any CPU
		{B4A25CA7-7675-4CC2-B083-49E12D349EB0}.Release|Any CPU.ActiveCfg = Release|Any CPU
		{B4A25CA7-7675-4CC2-B083-49E12D349EB0}.Release|Any CPU.Build.0 = Release|Any CPU
	EndGlobalSection
	GlobalSection(SolutionProperties) = preSolution
		HideSolutionNode = FALSE
	EndGlobalSection
	GlobalSection(NestedProjects) = preSolution
		{2EF323CE-ACC9-4266-9A5E-C9047F41E4B5} = {7ADB6C27-7022-46C9-A0BD-FF2667492931}
		{165EFF5B-0860-4A40-AAD9-F40854941EF6} = {B64FD573-E392-4B4D-867C-6A6758EE6B64}
		{ED40E73A-7188-49FA-ABA8-926D250DC5C1} = {08463189-3AA6-472B-8116-584F09A0A305}
		{AC0CC418-2A95-4CE0-86B6-FEEE0B8549FC} = {08463189-3AA6-472B-8116-584F09A0A305}
		{ECB41E2F-28BA-4F95-96C2-1CC089912855} = {08463189-3AA6-472B-8116-584F09A0A305}
		{45F95764-BD7B-4CE5-99AE-40A61C470B8A} = {B64FD573-E392-4B4D-867C-6A6758EE6B64}
		{B308A7AE-2836-481B-ADA8-4076CD13DC2E} = {7ADB6C27-7022-46C9-A0BD-FF2667492931}
		{4D7E5071-C089-4A44-AD26-23C00FA5B6A6} = {7ADB6C27-7022-46C9-A0BD-FF2667492931}
		{7AC9ACBC-7FD0-442D-914C-6DED12EDA644} = {08463189-3AA6-472B-8116-584F09A0A305}
		{957FB6A4-69CE-45C5-A4F1-EA713338E692} = {192F1A3E-4A59-40A3-B746-4E133E9A31B5}
		{B4A25CA7-7675-4CC2-B083-49E12D349EB0} = {08463189-3AA6-472B-8116-584F09A0A305}
	EndGlobalSection
	GlobalSection(ExtensibilityGlobals) = postSolution
		SolutionGuid = {16ADDA6D-28A3-4730-94D0-61E6D3E723B0}
	EndGlobalSection
EndGlobal
